
Microsoft Visual Studio Solution File, Format Version 12.00
# Visual Studio Version 16
VisualStudioVersion = 16.0.31410.357
MinimumVisualStudioVersion = 10.0.40219.1
Project("{FAE04EC0-301F-11D3-BF4B-00C04F79EFBC}") = "BookManager", "BookManager\BookManager.csproj", "{B917E500-921B-4230-8450-E24D4DEF0D34}"
EndProject
Global
	GlobalSection(SolutionConfigurationPlatforms) = preSolution
		Debug|Any CPU = Debug|Any CPU
		Release|Any CPU = Release|Any CPU
	EndGlobalSection
	GlobalSection(ProjectConfigurationPlatforms) = postSolution
		{B917E500-921B-4230-8450-E24D4DEF0D34}.Debug|Any CPU.ActiveCfg = Debug|Any CPU
		{B917E500-921B-4230-8450-E24D4DEF0D34}.Debug|Any CPU.Build.0 = Debug|Any CPU
		{B917E500-921B-4230-8450-E24D4DEF0D34}.Release|Any CPU.ActiveCfg = Release|Any CPU
		{B917E500-921B-4230-8450-E24D4DEF0D34}.Release|Any CPU.Build.0 = Release|Any CPU
	EndGlobalSection
	GlobalSection(SolutionProperties) = preSolution
		HideSolutionNode = FALSE
	EndGlobalSection
	GlobalSection(ExtensibilityGlobals) = postSolution
		SolutionGuid = {A0EC8E8B-B714-4F74-9721-97386CFB8D22}
	EndGlobalSection
EndGlobal
